Microsoft Visual Studio Solution File, Format Version 12.00
# Visual Studio 15
Project("{8BC9CEB8-8B4A-11D0-8D11-00A0C91BC942}") = "ALL_BUILD", "ALL_BUILD.vcxproj", "{1E3D266D-EC9F-3C9D-99BA-93291FCD4B0D}"
	ProjectSection(ProjectDependencies) = postProject
		{04606210-A976-3AFE-A58E-762F799E3FBD} = {04606210-A976-3AFE-A58E-762F799E3FBD}
		{05382319-E332-3DC8-877D-4239774217E1} = {05382319-E332-3DC8-877D-4239774217E1}
		{9A2AB555-9F95-37DB-AB3D-D612115AF6B8} = {9A2AB555-9F95-37DB-AB3D-D612115AF6B8}
		{2446E600-EBC4-3C3A-9AB6-97189825B07C} = {2446E600-EBC4-3C3A-9AB6-97189825B07C}
		{D30BB98E-6389-3DB6-8B60-68CCB495C797} = {D30BB98E-6389-3DB6-8B60-68CCB495C797}
	EndProjectSection
EndProject
Project("{8BC9CEB8-8B4A-11D0-8D11-00A0C91BC942}") = "ZERO_CHECK", "ZERO_CHECK.vcxproj", "{04606210-A976-3AFE-A58E-762F799E3FBD}"
	ProjectSection(ProjectDependencies) = postProject
	EndProjectSection
EndProject
Project("{8BC9CEB8-8B4A-11D0-8D11-00A0C91BC942}") = "gtest", "gtest\gtest.vcxproj", "{05382319-E332-3DC8-877D-4239774217E1}"
	ProjectSection(ProjectDependencies) = postProject
		{04606210-A976-3AFE-A58E-762F799E3FBD} = {04606210-A976-3AFE-A58E-762F799E3FBD}
	EndProjectSection
EndProject
Project("{8BC9CEB8-8B4A-11D0-8D11-00A0C91BC942}") = "sample_prime_numbers", "samples\sample_prime_numbers.vcxproj", "{9A2AB555-9F95-37DB-AB3D-D612115AF6B8}"
	ProjectSection(ProjectDependencies) = postProject
		{04606210-A976-3AFE-A58E-762F799E3FBD} = {04606210-A976-3AFE-A58E-762F799E3FBD}
		{2446E600-EBC4-3C3A-9AB6-97189825B07C} = {2446E600-EBC4-3C3A-9AB6-97189825B07C}
	EndProjectSection
EndProject
Project("{8BC9CEB8-8B4A-11D0-8D11-00A0C91BC942}") = "set", "src\set.vcxproj", "{2446E600-EBC4-3C3A-9AB6-97189825B07C}"
	ProjectSection(ProjectDependencies) = postProject
		{04606210-A976-3AFE-A58E-762F799E3FBD} = {04606210-A976-3AFE-A58E-762F799E3FBD}
	EndProjectSection
EndProject
Project("{8BC9CEB8-8B4A-11D0-8D11-00A0C91BC942}") = "test_set", "test\test_set.vcxproj", "{D30BB98E-6389-3DB6-8B60-68CCB495C797}"
	ProjectSection(ProjectDependencies) = postProject
		{04606210-A976-3AFE-A58E-762F799E3FBD} = {04606210-A976-3AFE-A58E-762F799E3FBD}
		{05382319-E332-3DC8-877D-4239774217E1} = {05382319-E332-3DC8-877D-4239774217E1}
		{2446E600-EBC4-3C3A-9AB6-97189825B07C} = {2446E600-EBC4-3C3A-9AB6-97189825B07C}
	EndProjectSection
EndProject
Global
	GlobalSection(SolutionConfigurationPlatforms) = preSolution
		Debug|Win32 = Debug|Win32
		Release|Win32 = Release|Win32
	EndGlobalSection
	GlobalSection(ProjectConfigurationPlatforms) = postSolution
		{1E3D266D-EC9F-3C9D-99BA-93291FCD4B0D}.Debug|Win32.ActiveCfg = Debug|Win32
		{1E3D266D-EC9F-3C9D-99BA-93291FCD4B0D}.Release|Win32.ActiveCfg = Release|Win32
		{04606210-A976-3AFE-A58E-762F799E3FBD}.Debug|Win32.ActiveCfg = Debug|Win32
		{04606210-A976-3AFE-A58E-762F799E3FBD}.Debug|Win32.Build.0 = Debug|Win32
		{04606210-A976-3AFE-A58E-762F799E3FBD}.Release|Win32.ActiveCfg = Release|Win32
		{04606210-A976-3AFE-A58E-762F799E3FBD}.Release|Win32.Build.0 = Release|Win32
		{05382319-E332-3DC8-877D-4239774217E1}.Debug|Win32.ActiveCfg = Debug|Win32
		{05382319-E332-3DC8-877D-4239774217E1}.Debug|Win32.Build.0 = Debug|Win32
		{05382319-E332-3DC8-877D-4239774217E1}.Release|Win32.ActiveCfg = Release|Win32
		{05382319-E332-3DC8-877D-4239774217E1}.Release|Win32.Build.0 = Release|Win32
		{9A2AB555-9F95-37DB-AB3D-D612115AF6B8}.Debug|Win32.ActiveCfg = Debug|Win32
		{9A2AB555-9F95-37DB-AB3D-D612115AF6B8}.Debug|Win32.Build.0 = Debug|Win32
		{9A2AB555-9F95-37DB-AB3D-D612115AF6B8}.Release|Win32.ActiveCfg = Release|Win32
		{9A2AB555-9F95-37DB-AB3D-D612115AF6B8}.Release|Win32.Build.0 = Release|Win32
		{2446E600-EBC4-3C3A-9AB6-97189825B07C}.Debug|Win32.ActiveCfg = Debug|Win32
		{2446E600-EBC4-3C3A-9AB6-97189825B07C}.Debug|Win32.Build.0 = Debug|Win32
		{2446E600-EBC4-3C3A-9AB6-97189825B07C}.Release|Win32.ActiveCfg = Release|Win32
		{2446E600-EBC4-3C3A-9AB6-97189825B07C}.Release|Win32.Build.0 = Release|Win32
		{D30BB98E-6389-3DB6-8B60-68CCB495C797}.Debug|Win32.ActiveCfg = Debug|Win32
		{D30BB98E-6389-3DB6-8B60-68CCB495C797}.Debug|Win32.Build.0 = Debug|Win32
		{D30BB98E-6389-3DB6-8B60-68CCB495C797}.Release|Win32.ActiveCfg = Release|Win32
		{D30BB98E-6389-3DB6-8B60-68CCB495C797}.Release|Win32.Build.0 = Release|Win32
	EndGlobalSection
	GlobalSection(ExtensibilityGlobals) = postSolution
		SolutionGuid = {9B6B70E2-F81E-39C3-B52F-AAA9E10BADF7}
	EndGlobalSection
	GlobalSection(ExtensibilityAddIns) = postSolution
	EndGlobalSection
EndGlobal
